{
  "name": "cricket-ai-digest",
  "version": "2.0.0",
  "description": "Polls live cricket match data from ESPN's public API and uses Claude to generate persona-specific digests (Analyst + Fan), delivered to Slack and a live web dashboard.",
  "main": "src/server.js",
  "type": "module",
  "engines": {
    "node": ">=18"
  },
  "scripts": {
    "start": "node src/server.js",
    "dev": "node --watch src/server.js"
  },
  "dependencies": {
    "express": "^4.19.2",
    "@anthropic-ai/sdk": "^0.32.0",
    "dotenv": "^16.4.5",
    "node-fetch": "^3.3.2",
    "ws": "^8.18.0"
  }
}
